
Microsoft Visual Studio Solution File, Format Version 12.00
# Visual Studio Version 17
VisualStudioVersion = 17.6.33829.357
MinimumVisualStudioVersion = 10.0.40219.1
Project("{FAE04EC0-301F-11D3-BF4B-00C04F79EFBC}") = "shreya", "shreya.csproj", "{C7D49480-616E-4DB4-8120-0F47268B5138}"
EndProject
Global
	GlobalSection(SolutionConfigurationPlatforms) = preSolution
		Debug|Any CPU = Debug|Any CPU
		Release|Any CPU = Release|Any CPU
	EndGlobalSection
	GlobalSection(ProjectConfigurationPlatforms) = postSolution
		{C7D49480-616E-4DB4-8120-0F47268B5138}.Debug|Any CPU.ActiveCfg = Debug|Any CPU
		{C7D49480-616E-4DB4-8120-0F47268B5138}.Debug|Any CPU.Build.0 = Debug|Any CPU
		{C7D49480-616E-4DB4-8120-0F47268B5138}.Release|Any CPU.ActiveCfg = Release|Any CPU
		{C7D49480-616E-4DB4-8120-0F47268B5138}.Release|Any CPU.Build.0 = Release|Any CPU
	EndGlobalSection
	GlobalSection(SolutionProperties) = preSolution
		HideSolutionNode = FALSE
	EndGlobalSection
	GlobalSection(ExtensibilityGlobals) = postSolution
		SolutionGuid = {0DDE9585-CCCE-4F09-9113-270029987B46}
	EndGlobalSection
EndGlobal
